
Microsoft Visual Studio Solution File, Format Version 12.00
# Visual Studio 2012
Project("{8BC9CEB8-8B4A-11D0-8D11-00A0C91BC942}") = "mt", "mt\mt.vcxproj", "{426CEE86-A12C-4371-B284-4ECE5C35BCEA}"
EndProject
Project("{8BC9CEB8-8B4A-11D0-8D11-00A0C91BC942}") = "socketd", "socketd\socketd.vcxproj", "{E60A4098-EA4C-413B-91E0-3AC8F1D467D2}"
	ProjectSection(ProjectDependencies) = postProject
		{9D39292F-AB4E-4008-964B-EAFF9E7A1047} = {9D39292F-AB4E-4008-964B-EAFF9E7A1047}
	EndProjectSection
EndProject
Project("{8BC9CEB8-8B4A-11D0-8D11-00A0C91BC942}") = "socketc", "socketc\socketc.vcxproj", "{034483EF-FE3F-465A-BEED-A699B8653FE8}"
	ProjectSection(ProjectDependencies) = postProject
		{9D39292F-AB4E-4008-964B-EAFF9E7A1047} = {9D39292F-AB4E-4008-964B-EAFF9E7A1047}
		{426CEE86-A12C-4371-B284-4ECE5C35BCEA} = {426CEE86-A12C-4371-B284-4ECE5C35BCEA}
	EndProjectSection
EndProject
Project("{8BC9CEB8-8B4A-11D0-8D11-00A0C91BC942}") = "net", "net\net.vcxproj", "{9D39292F-AB4E-4008-964B-EAFF9E7A1047}"
	ProjectSection(ProjectDependencies) = postProject
		{426CEE86-A12C-4371-B284-4ECE5C35BCEA} = {426CEE86-A12C-4371-B284-4ECE5C35BCEA}
	EndProjectSection
EndProject
Project("{8BC9CEB8-8B4A-11D0-8D11-00A0C91BC942}") = "testing", "testing\testing.vcxproj", "{2611EA14-5C30-4522-80BC-EA93C18A5D70}"
	ProjectSection(ProjectDependencies) = postProject
		{1E6C2C1C-6453-4129-AE3F-0EE8E6599C89} = {1E6C2C1C-6453-4129-AE3F-0EE8E6599C89}
		{9D39292F-AB4E-4008-964B-EAFF9E7A1047} = {9D39292F-AB4E-4008-964B-EAFF9E7A1047}
		{426CEE86-A12C-4371-B284-4ECE5C35BCEA} = {426CEE86-A12C-4371-B284-4ECE5C35BCEA}
		{3267E0A1-A3A3-4507-99DF-9C1DA8FE42D9} = {3267E0A1-A3A3-4507-99DF-9C1DA8FE42D9}
		{007A33E2-9ED0-4858-896D-C6825D1215AC} = {007A33E2-9ED0-4858-896D-C6825D1215AC}
	EndProjectSection
EndProject
Project("{8BC9CEB8-8B4A-11D0-8D11-00A0C91BC942}") = "lib_json", "jsoncpp-master\makefiles\msvc2010\lib_json.vcxproj", "{1E6C2C1C-6453-4129-AE3F-0EE8E6599C89}"
EndProject
Project("{8BC9CEB8-8B4A-11D0-8D11-00A0C91BC942}") = "protocol", "protocol\protocol.vcxproj", "{007A33E2-9ED0-4858-896D-C6825D1215AC}"
EndProject
Project("{8BC9CEB8-8B4A-11D0-8D11-00A0C91BC942}") = "tictactod", "tictactod\tictactod.vcxproj", "{3F7E120C-E830-4141-BD00-7BBC2C56AE56}"
	ProjectSection(ProjectDependencies) = postProject
		{1E6C2C1C-6453-4129-AE3F-0EE8E6599C89} = {1E6C2C1C-6453-4129-AE3F-0EE8E6599C89}
		{9D39292F-AB4E-4008-964B-EAFF9E7A1047} = {9D39292F-AB4E-4008-964B-EAFF9E7A1047}
		{426CEE86-A12C-4371-B284-4ECE5C35BCEA} = {426CEE86-A12C-4371-B284-4ECE5C35BCEA}
		{3267E0A1-A3A3-4507-99DF-9C1DA8FE42D9} = {3267E0A1-A3A3-4507-99DF-9C1DA8FE42D9}
	EndProjectSection
EndProject
Project("{8BC9CEB8-8B4A-11D0-8D11-00A0C91BC942}") = "tictactoc", "tictactoc\tictactoc.vcxproj", "{1B3665D3-0FBB-4D3F-BB99-3E0CB644F9A8}"
	ProjectSection(ProjectDependencies) = postProject
		{9D39292F-AB4E-4008-964B-EAFF9E7A1047} = {9D39292F-AB4E-4008-964B-EAFF9E7A1047}
		{426CEE86-A12C-4371-B284-4ECE5C35BCEA} = {426CEE86-A12C-4371-B284-4ECE5C35BCEA}
		{3267E0A1-A3A3-4507-99DF-9C1DA8FE42D9} = {3267E0A1-A3A3-4507-99DF-9C1DA8FE42D9}
	EndProjectSection
EndProject
Project("{8BC9CEB8-8B4A-11D0-8D11-00A0C91BC942}") = "tictactol", "tictactol\tictactol.vcxproj", "{3267E0A1-A3A3-4507-99DF-9C1DA8FE42D9}"
	ProjectSection(ProjectDependencies) = postProject
		{1E6C2C1C-6453-4129-AE3F-0EE8E6599C89} = {1E6C2C1C-6453-4129-AE3F-0EE8E6599C89}
		{9D39292F-AB4E-4008-964B-EAFF9E7A1047} = {9D39292F-AB4E-4008-964B-EAFF9E7A1047}
		{426CEE86-A12C-4371-B284-4ECE5C35BCEA} = {426CEE86-A12C-4371-B284-4ECE5C35BCEA}
		{007A33E2-9ED0-4858-896D-C6825D1215AC} = {007A33E2-9ED0-4858-896D-C6825D1215AC}
	EndProjectSection
EndProject
Project("{8BC9CEB8-8B4A-11D0-8D11-00A0C91BC942}") = "xmd", "xmd\xmd.vcxproj", "{0B091389-62EC-4F1D-99E2-4663A6BA6286}"
	ProjectSection(ProjectDependencies) = postProject
		{1E6C2C1C-6453-4129-AE3F-0EE8E6599C89} = {1E6C2C1C-6453-4129-AE3F-0EE8E6599C89}
		{9D39292F-AB4E-4008-964B-EAFF9E7A1047} = {9D39292F-AB4E-4008-964B-EAFF9E7A1047}
		{426CEE86-A12C-4371-B284-4ECE5C35BCEA} = {426CEE86-A12C-4371-B284-4ECE5C35BCEA}
		{007A33E2-9ED0-4858-896D-C6825D1215AC} = {007A33E2-9ED0-4858-896D-C6825D1215AC}
	EndProjectSection
EndProject
Project("{8BC9CEB8-8B4A-11D0-8D11-00A0C91BC942}") = "tictactoc3", "tictactoc3\tictactoc3.vcxproj", "{57340088-5FE2-4B6C-8BA1-EA3DAF43D063}"
	ProjectSection(ProjectDependencies) = postProject
		{1E6C2C1C-6453-4129-AE3F-0EE8E6599C89} = {1E6C2C1C-6453-4129-AE3F-0EE8E6599C89}
		{9D39292F-AB4E-4008-964B-EAFF9E7A1047} = {9D39292F-AB4E-4008-964B-EAFF9E7A1047}
		{426CEE86-A12C-4371-B284-4ECE5C35BCEA} = {426CEE86-A12C-4371-B284-4ECE5C35BCEA}
		{3267E0A1-A3A3-4507-99DF-9C1DA8FE42D9} = {3267E0A1-A3A3-4507-99DF-9C1DA8FE42D9}
		{007A33E2-9ED0-4858-896D-C6825D1215AC} = {007A33E2-9ED0-4858-896D-C6825D1215AC}
	EndProjectSection
EndProject
Project("{8BC9CEB8-8B4A-11D0-8D11-00A0C91BC942}") = "threadpoollib", "threadpoollib\threadpoollib.vcxproj", "{DCCC70FB-1C29-4E05-8ADF-6C9079D5EE6E}"
	ProjectSection(ProjectDependencies) = postProject
		{1E6C2C1C-6453-4129-AE3F-0EE8E6599C89} = {1E6C2C1C-6453-4129-AE3F-0EE8E6599C89}
		{9D39292F-AB4E-4008-964B-EAFF9E7A1047} = {9D39292F-AB4E-4008-964B-EAFF9E7A1047}
		{426CEE86-A12C-4371-B284-4ECE5C35BCEA} = {426CEE86-A12C-4371-B284-4ECE5C35BCEA}
		{3267E0A1-A3A3-4507-99DF-9C1DA8FE42D9} = {3267E0A1-A3A3-4507-99DF-9C1DA8FE42D9}
		{007A33E2-9ED0-4858-896D-C6825D1215AC} = {007A33E2-9ED0-4858-896D-C6825D1215AC}
	EndProjectSection
EndProject
Global
	GlobalSection(SolutionConfigurationPlatforms) = preSolution
		Debug|Win32 = Debug|Win32
		Debug|x64 = Debug|x64
		Release|Win32 = Release|Win32
		Release|x64 = Release|x64
	EndGlobalSection
	GlobalSection(ProjectConfigurationPlatforms) = postSolution
		{426CEE86-A12C-4371-B284-4ECE5C35BCEA}.Debug|Win32.ActiveCfg = Debug|Win32
		{426CEE86-A12C-4371-B284-4ECE5C35BCEA}.Debug|Win32.Build.0 = Debug|Win32
		{426CEE86-A12C-4371-B284-4ECE5C35BCEA}.Debug|x64.ActiveCfg = Debug|Win32
		{426CEE86-A12C-4371-B284-4ECE5C35BCEA}.Release|Win32.ActiveCfg = Release|Win32
		{426CEE86-A12C-4371-B284-4ECE5C35BCEA}.Release|Win32.Build.0 = Release|Win32
		{426CEE86-A12C-4371-B284-4ECE5C35BCEA}.Release|x64.ActiveCfg = Release|Win32
		{E60A4098-EA4C-413B-91E0-3AC8F1D467D2}.Debug|Win32.ActiveCfg = Debug|Win32
		{E60A4098-EA4C-413B-91E0-3AC8F1D467D2}.Debug|Win32.Build.0 = Debug|Win32
		{E60A4098-EA4C-413B-91E0-3AC8F1D467D2}.Debug|x64.ActiveCfg = Debug|Win32
		{E60A4098-EA4C-413B-91E0-3AC8F1D467D2}.Release|Win32.ActiveCfg = Release|Win32
		{E60A4098-EA4C-413B-91E0-3AC8F1D467D2}.Release|Win32.Build.0 = Release|Win32
		{E60A4098-EA4C-413B-91E0-3AC8F1D467D2}.Release|x64.ActiveCfg = Release|Win32
		{034483EF-FE3F-465A-BEED-A699B8653FE8}.Debug|Win32.ActiveCfg = Debug|Win32
		{034483EF-FE3F-465A-BEED-A699B8653FE8}.Debug|Win32.Build.0 = Debug|Win32
		{034483EF-FE3F-465A-BEED-A699B8653FE8}.Debug|x64.ActiveCfg = Debug|Win32
		{034483EF-FE3F-465A-BEED-A699B8653FE8}.Release|Win32.ActiveCfg = Release|Win32
		{034483EF-FE3F-465A-BEED-A699B8653FE8}.Release|Win32.Build.0 = Release|Win32
		{034483EF-FE3F-465A-BEED-A699B8653FE8}.Release|x64.ActiveCfg = Release|Win32
		{9D39292F-AB4E-4008-964B-EAFF9E7A1047}.Debug|Win32.ActiveCfg = Debug|Win32
		{9D39292F-AB4E-4008-964B-EAFF9E7A1047}.Debug|Win32.Build.0 = Debug|Win32
		{9D39292F-AB4E-4008-964B-EAFF9E7A1047}.Debug|x64.ActiveCfg = Debug|Win32
		{9D39292F-AB4E-4008-964B-EAFF9E7A1047}.Release|Win32.ActiveCfg = Release|Win32
		{9D39292F-AB4E-4008-964B-EAFF9E7A1047}.Release|Win32.Build.0 = Release|Win32
		{9D39292F-AB4E-4008-964B-EAFF9E7A1047}.Release|x64.ActiveCfg = Release|Win32
		{2611EA14-5C30-4522-80BC-EA93C18A5D70}.Debug|Win32.ActiveCfg = Debug|Win32
		{2611EA14-5C30-4522-80BC-EA93C18A5D70}.Debug|Win32.Build.0 = Debug|Win32
		{2611EA14-5C30-4522-80BC-EA93C18A5D70}.Debug|x64.ActiveCfg = Debug|Win32
		{2611EA14-5C30-4522-80BC-EA93C18A5D70}.Release|Win32.ActiveCfg = Release|Win32
		{2611EA14-5C30-4522-80BC-EA93C18A5D70}.Release|Win32.Build.0 = Release|Win32
		{2611EA14-5C30-4522-80BC-EA93C18A5D70}.Release|x64.ActiveCfg = Release|Win32
		{1E6C2C1C-6453-4129-AE3F-0EE8E6599C89}.Debug|Win32.ActiveCfg = Debug|Win32
		{1E6C2C1C-6453-4129-AE3F-0EE8E6599C89}.Debug|Win32.Build.0 = Debug|Win32
		{1E6C2C1C-6453-4129-AE3F-0EE8E6599C89}.Debug|x64.ActiveCfg = Debug|x64
		{1E6C2C1C-6453-4129-AE3F-0EE8E6599C89}.Debug|x64.Build.0 = Debug|x64
		{1E6C2C1C-6453-4129-AE3F-0EE8E6599C89}.Release|Win32.ActiveCfg = Release|Win32
		{1E6C2C1C-6453-4129-AE3F-0EE8E6599C89}.Release|Win32.Build.0 = Release|Win32
		{1E6C2C1C-6453-4129-AE3F-0EE8E6599C89}.Release|x64.ActiveCfg = Release|x64
		{1E6C2C1C-6453-4129-AE3F-0EE8E6599C89}.Release|x64.Build.0 = Release|x64
		{007A33E2-9ED0-4858-896D-C6825D1215AC}.Debug|Win32.ActiveCfg = Debug|Win32
		{007A33E2-9ED0-4858-896D-C6825D1215AC}.Debug|Win32.Build.0 = Debug|Win32
		{007A33E2-9ED0-4858-896D-C6825D1215AC}.Debug|x64.ActiveCfg = Debug|Win32
		{007A33E2-9ED0-4858-896D-C6825D1215AC}.Release|Win32.ActiveCfg = Release|Win32
		{007A33E2-9ED0-4858-896D-C6825D1215AC}.Release|Win32.Build.0 = Release|Win32
		{007A33E2-9ED0-4858-896D-C6825D1215AC}.Release|x64.ActiveCfg = Release|Win32
		{3F7E120C-E830-4141-BD00-7BBC2C56AE56}.Debug|Win32.ActiveCfg = Debug|Win32
		{3F7E120C-E830-4141-BD00-7BBC2C56AE56}.Debug|Win32.Build.0 = Debug|Win32
		{3F7E120C-E830-4141-BD00-7BBC2C56AE56}.Debug|x64.ActiveCfg = Debug|Win32
		{3F7E120C-E830-4141-BD00-7BBC2C56AE56}.Release|Win32.ActiveCfg = Release|Win32
		{3F7E120C-E830-4141-BD00-7BBC2C56AE56}.Release|Win32.Build.0 = Release|Win32
		{3F7E120C-E830-4141-BD00-7BBC2C56AE56}.Release|x64.ActiveCfg = Release|Win32
		{1B3665D3-0FBB-4D3F-BB99-3E0CB644F9A8}.Debug|Win32.ActiveCfg = Debug|Win32
		{1B3665D3-0FBB-4D3F-BB99-3E0CB644F9A8}.Debug|Win32.Build.0 = Debug|Win32
		{1B3665D3-0FBB-4D3F-BB99-3E0CB644F9A8}.Debug|x64.ActiveCfg = Debug|Win32
		{1B3665D3-0FBB-4D3F-BB99-3E0CB644F9A8}.Release|Win32.ActiveCfg = Release|Win32
		{1B3665D3-0FBB-4D3F-BB99-3E0CB644F9A8}.Release|Win32.Build.0 = Release|Win32
		{1B3665D3-0FBB-4D3F-BB99-3E0CB644F9A8}.Release|x64.ActiveCfg = Release|Win32
		{3267E0A1-A3A3-4507-99DF-9C1DA8FE42D9}.Debug|Win32.ActiveCfg = Debug|Win32
		{3267E0A1-A3A3-4507-99DF-9C1DA8FE42D9}.Debug|Win32.Build.0 = Debug|Win32
		{3267E0A1-A3A3-4507-99DF-9C1DA8FE42D9}.Debug|x64.ActiveCfg = Debug|Win32
		{3267E0A1-A3A3-4507-99DF-9C1DA8FE42D9}.Release|Win32.ActiveCfg = Release|Win32
		{3267E0A1-A3A3-4507-99DF-9C1DA8FE42D9}.Release|Win32.Build.0 = Release|Win32
		{3267E0A1-A3A3-4507-99DF-9C1DA8FE42D9}.Release|x64.ActiveCfg = Release|Win32
		{0B091389-62EC-4F1D-99E2-4663A6BA6286}.Debug|Win32.ActiveCfg = Debug|Win32
		{0B091389-62EC-4F1D-99E2-4663A6BA6286}.Debug|Win32.Build.0 = Debug|Win32
		{0B091389-62EC-4F1D-99E2-4663A6BA6286}.Debug|x64.ActiveCfg = Debug|Win32
		{0B091389-62EC-4F1D-99E2-4663A6BA6286}.Release|Win32.ActiveCfg = Release|Win32
		{0B091389-62EC-4F1D-99E2-4663A6BA6286}.Release|Win32.Build.0 = Release|Win32
		{0B091389-62EC-4F1D-99E2-4663A6BA6286}.Release|x64.ActiveCfg = Release|Win32
		{57340088-5FE2-4B6C-8BA1-EA3DAF43D063}.Debug|Win32.ActiveCfg = Debug|Win32
		{57340088-5FE2-4B6C-8BA1-EA3DAF43D063}.Debug|Win32.Build.0 = Debug|Win32
		{57340088-5FE2-4B6C-8BA1-EA3DAF43D063}.Debug|x64.ActiveCfg = Debug|Win32
		{57340088-5FE2-4B6C-8BA1-EA3DAF43D063}.Release|Win32.ActiveCfg = Release|Win32
		{57340088-5FE2-4B6C-8BA1-EA3DAF43D063}.Release|Win32.Build.0 = Release|Win32
		{57340088-5FE2-4B6C-8BA1-EA3DAF43D063}.Release|x64.ActiveCfg = Release|Win32
		{DCCC70FB-1C29-4E05-8ADF-6C9079D5EE6E}.Debug|Win32.ActiveCfg = Debug|Win32
		{DCCC70FB-1C29-4E05-8ADF-6C9079D5EE6E}.Debug|Win32.Build.0 = Debug|Win32
		{DCCC70FB-1C29-4E05-8ADF-6C9079D5EE6E}.Debug|x64.ActiveCfg = Debug|Win32
		{DCCC70FB-1C29-4E05-8ADF-6C9079D5EE6E}.Release|Win32.ActiveCfg = Release|Win32
		{DCCC70FB-1C29-4E05-8ADF-6C9079D5EE6E}.Release|Win32.Build.0 = Release|Win32
		{DCCC70FB-1C29-4E05-8ADF-6C9079D5EE6E}.Release|x64.ActiveCfg = Release|Win32
	EndGlobalSection
	GlobalSection(SolutionProperties) = preSolution
		HideSolutionNode = FALSE
	EndGlobalSection
EndGlobal
